[root]
name = "dose-response"
version = "0.1.0"
dependencies = [
 "emhyr 0.1.0",
 "tcod 0.1.0 (git+https://github.com/tomassedovic/tcod-rs.git#d9bf93af213d50bc1256006a0f3e52c1e28e8dce)",
]

[[package]]
name = "anymap"
version = "0.9.0"

[[package]]
name = "emhyr"
version = "0.1.0"
dependencies = [
 "anymap 0.9.0",
]

[[package]]
name = "tcod"
version = "0.1.0"
source = "git+https://github.com/tomassedovic/tcod-rs.git#d9bf93af213d50bc1256006a0f3e52c1e28e8dce"

